
Microsoft Visual Studio Solution File, Format Version 12.00
# Visual Studio 15
VisualStudioVersion = 15.0.26430.6
MinimumVisualStudioVersion = 10.0.40219.1
Project("{FAE04EC0-301F-11D3-BF4B-00C04F79EFBC}") = "BasicScanningTutorial", "BasicScanningTutorial\BasicScanningTutorial.csproj", "{A8143358-1640-4754-A135-EE3568BF701A}"
EndProject
Project("{FAE04EC0-301F-11D3-BF4B-00C04F79EFBC}") = "BasicScanning.Core", "BasicScanning.Core\BasicScanning.Core.csproj", "{DCD629E5-E196-4BC1-AF89-1ED6CCCB9BD8}"
EndProject
Global
	GlobalSection(SolutionConfigurationPlatforms) = preSolution
		Debug|Any CPU = Debug|Any CPU
		Release|Any CPU = Release|Any CPU
	EndGlobalSection
	GlobalSection(ProjectConfigurationPlatforms) = postSolution
		{A8143358-1640-4754-A135-EE3568BF701A}.Debug|Any CPU.ActiveCfg = Debug|Any CPU
		{A8143358-1640-4754-A135-EE3568BF701A}.Debug|Any CPU.Build.0 = Debug|Any CPU
		{A8143358-1640-4754-A135-EE3568BF701A}.Debug|Any CPU.Deploy.0 = Debug|Any CPU
		{A8143358-1640-4754-A135-EE3568BF701A}.Release|Any CPU.ActiveCfg = Release|Any CPU
		{A8143358-1640-4754-A135-EE3568BF701A}.Release|Any CPU.Build.0 = Release|Any CPU
		{A8143358-1640-4754-A135-EE3568BF701A}.Release|Any CPU.Deploy.0 = Release|Any CPU
		{DCD629E5-E196-4BC1-AF89-1ED6CCCB9BD8}.Debug|Any CPU.ActiveCfg = Debug|Any CPU
		{DCD629E5-E196-4BC1-AF89-1ED6CCCB9BD8}.Debug|Any CPU.Build.0 = Debug|Any CPU
		{DCD629E5-E196-4BC1-AF89-1ED6CCCB9BD8}.Release|Any CPU.ActiveCfg = Release|Any CPU
		{DCD629E5-E196-4BC1-AF89-1ED6CCCB9BD8}.Release|Any CPU.Build.0 = Release|Any CPU
	EndGlobalSection
	GlobalSection(SolutionProperties) = preSolution
		HideSolutionNode = FALSE
	EndGlobalSection
EndGlobal
